
Microsoft Visual Studio Solution File, Format Version 12.00
# Visual Studio Version 16
VisualStudioVersion = 16.0.31410.357
MinimumVisualStudioVersion = 10.0.40219.1
Project("{FAE04EC0-301F-11D3-BF4B-00C04F79EFBC}") = "Lista4_Exercicio2", "Lista4_Exercicio2\Lista4_Exercicio2.csproj", "{A20A514B-FC16-4DBE-BBF0-C867969D861D}"
EndProject
Global
	GlobalSection(SolutionConfigurationPlatforms) = preSolution
		Debug|Any CPU = Debug|Any CPU
		Release|Any CPU = Release|Any CPU
	EndGlobalSection
	GlobalSection(ProjectConfigurationPlatforms) = postSolution
		{A20A514B-FC16-4DBE-BBF0-C867969D861D}.Debug|Any CPU.ActiveCfg = Debug|Any CPU
		{A20A514B-FC16-4DBE-BBF0-C867969D861D}.Debug|Any CPU.Build.0 = Debug|Any CPU
		{A20A514B-FC16-4DBE-BBF0-C867969D861D}.Release|Any CPU.ActiveCfg = Release|Any CPU
		{A20A514B-FC16-4DBE-BBF0-C867969D861D}.Release|Any CPU.Build.0 = Release|Any CPU
	EndGlobalSection
	GlobalSection(SolutionProperties) = preSolution
		HideSolutionNode = FALSE
	EndGlobalSection
	GlobalSection(ExtensibilityGlobals) = postSolution
		SolutionGuid = {DFA33BA4-B58C-4771-A929-4924AC9AF78F}
	EndGlobalSection
EndGlobal
