
Microsoft Visual Studio Solution File, Format Version 12.00
# Visual Studio Version 16
VisualStudioVersion = 16.0.31410.357
MinimumVisualStudioVersion = 10.0.40219.1
Project("{FAE04EC0-301F-11D3-BF4B-00C04F79EFBC}") = "Lista3_Exercicio4", "Lista3_Exercicio4\Lista3_Exercicio4.csproj", "{B8406D0D-B1FD-42A8-9F24-151207DDC372}"
EndProject
Global
	GlobalSection(SolutionConfigurationPlatforms) = preSolution
		Debug|Any CPU = Debug|Any CPU
		Release|Any CPU = Release|Any CPU
	EndGlobalSection
	GlobalSection(ProjectConfigurationPlatforms) = postSolution
		{B8406D0D-B1FD-42A8-9F24-151207DDC372}.Debug|Any CPU.ActiveCfg = Debug|Any CPU
		{B8406D0D-B1FD-42A8-9F24-151207DDC372}.Debug|Any CPU.Build.0 = Debug|Any CPU
		{B8406D0D-B1FD-42A8-9F24-151207DDC372}.Release|Any CPU.ActiveCfg = Release|Any CPU
		{B8406D0D-B1FD-42A8-9F24-151207DDC372}.Release|Any CPU.Build.0 = Release|Any CPU
	EndGlobalSection
	GlobalSection(SolutionProperties) = preSolution
		HideSolutionNode = FALSE
	EndGlobalSection
	GlobalSection(ExtensibilityGlobals) = postSolution
		SolutionGuid = {A3E79D5F-352F-4398-8704-1DC59D0DAB55}
	EndGlobalSection
EndGlobal
