
Microsoft Visual Studio Solution File, Format Version 12.00
# Visual Studio Version 17
VisualStudioVersion = 17.2.32616.157
MinimumVisualStudioVersion = 10.0.40219.1
Project("{FAE04EC0-301F-11D3-BF4B-00C04F79EFBC}") = "Questao6", "Questao6\Questao6.csproj", "{861C50C8-5C3E-47F1-9947-2C2730DA2AA2}"
EndProject
Global
	GlobalSection(SolutionConfigurationPlatforms) = preSolution
		Debug|Any CPU = Debug|Any CPU
		Release|Any CPU = Release|Any CPU
	EndGlobalSection
	GlobalSection(ProjectConfigurationPlatforms) = postSolution
		{861C50C8-5C3E-47F1-9947-2C2730DA2AA2}.Debug|Any CPU.ActiveCfg = Debug|Any CPU
		{861C50C8-5C3E-47F1-9947-2C2730DA2AA2}.Debug|Any CPU.Build.0 = Debug|Any CPU
		{861C50C8-5C3E-47F1-9947-2C2730DA2AA2}.Release|Any CPU.ActiveCfg = Release|Any CPU
		{861C50C8-5C3E-47F1-9947-2C2730DA2AA2}.Release|Any CPU.Build.0 = Release|Any CPU
	EndGlobalSection
	GlobalSection(SolutionProperties) = preSolution
		HideSolutionNode = FALSE
	EndGlobalSection
	GlobalSection(ExtensibilityGlobals) = postSolution
		SolutionGuid = {250D0597-EBD8-4C30-8328-55EDB2F080C9}
	EndGlobalSection
EndGlobal
